
Microsoft Visual Studio Solution File, Format Version 11.00
# Visual Studio 2010
Project("{F14B399A-7131-4C87-9E4B-1186C45EF12D}") = "MoviesProject", "MoviesProject\MoviesProject.rptproj", "{1C7E225E-A224-4D71-AC99-A089181ED030}"
EndProject
Global
	GlobalSection(SolutionConfigurationPlatforms) = preSolution
		Debug|Default = Debug|Default
		DebugLocal|Default = DebugLocal|Default
		Release|Default = Release|Default
	EndGlobalSection
	GlobalSection(ProjectConfigurationPlatforms) = postSolution
		{1C7E225E-A224-4D71-AC99-A089181ED030}.Debug|Default.ActiveCfg = Debug
		{1C7E225E-A224-4D71-AC99-A089181ED030}.Debug|Default.Build.0 = DebugLocal
		{1C7E225E-A224-4D71-AC99-A089181ED030}.Debug|Default.Deploy.0 = DebugLocal
		{1C7E225E-A224-4D71-AC99-A089181ED030}.DebugLocal|Default.ActiveCfg = DebugLocal
		{1C7E225E-A224-4D71-AC99-A089181ED030}.DebugLocal|Default.Build.0 = DebugLocal
		{1C7E225E-A224-4D71-AC99-A089181ED030}.Release|Default.ActiveCfg = Release
		{1C7E225E-A224-4D71-AC99-A089181ED030}.Release|Default.Build.0 = Release
		{1C7E225E-A224-4D71-AC99-A089181ED030}.Release|Default.Deploy.0 = Release
	EndGlobalSection
	GlobalSection(SolutionProperties) = preSolution
		HideSolutionNode = FALSE
	EndGlobalSection
EndGlobal
